{
  "lockfileVersion": 1,
  "configVersion": 0,
  "workspaces": {
    "": {
      "name": "react",
      "dependencies": {
        "@opentui-ui/dialog": "^0.1.2",
        "@opentui-ui/toast": "^0.0.5",
        "@opentui/core": "^0.3.2",
        "@opentui/react": "^0.3.2",
        "@stoqey/ib": "^1.5.6",
        "@tanstack/react-virtual": "^3.14.2",
        "hls.js": "1.6.13",
        "jimp": "1.6.1",
        "opentui-spinner": "^0.0.6",
        "react": "19.2.7",
        "react-dom": "19.2.7",
        "rxjs": "^7.8.2",
        "web-tree-sitter": "0.25.10",
        "youtubei.js": "17.0.1",
      },
      "devDependencies": {
        "@types/bun": "^1.3.14",
        "@types/react-dom": "^19.2.3",
        "electrobun": "^1.18.1",
        "png-to-ico": "^2.1.8",
        "rcedit": "^4.0.1",
      },
      "peerDependencies": {
        "typescript": "^5.9.2",
      },
    },
  },
  "patchedDependencies": {
    "@opentui/core@0.3.2": "patches/@opentui%2Fcore@0.3.2.patch",
    "react-reconciler@0.33.0": "patches/react-reconciler@0.33.0.patch",
    "electrobun@1.18.1": "patches/electrobun@1.18.1.patch",
  },
  "packages": {
    "@babylonjs/core": ["@babylonjs/core@7.54.3", "", {}, "sha512-P5ncXVd8GEUJLhwloP9V0oVwQYIrvZztguVeLlvd5Rx+9aQnenKjpV8auJ6SRsUlAmNZU4pFTKzwF6o2EUfhAw=="],

    "@borewit/text-codec": ["@borewit/text-codec@0.2.2", "", {}, "sha512-DDaRehssg1aNrH4+2hnj1B7vnUGEjU6OIlyRdkMd0aUdIUvKXrJfXsy8LVtXAy7DRvYVluWbMspsRhz2lcW0mQ=="],

    "@bufbuild/protobuf": ["@bufbuild/protobuf@2.13.0", "", {}, "sha512-acq7c49vxfm1ggJ95P70TX7ABDM0vxr1SYD3BB0o0jnBLB4OAqeHyKuN+cD3w80gXEDQ2zxHpR6CUeA+O/aU9g=="],

    "@jimp/core": ["@jimp/core@1.6.1", "", { "dependencies": { "@jimp/file-ops": "1.6.1", "@jimp/types": "1.6.1", "@jimp/utils": "1.6.1", "await-to-js": "^3.0.0", "exif-parser": "^0.1.12", "file-type": "^21.3.3", "mime": "3" } }, "sha512-+BoKC5G6hkrSy501zcJ2EpfnllP+avPevcBfRcZe/CW+EwEfY6X1EZ8QWyT7NpDIvEEJb1fdJnMMfUnFkxmw9A=="],

    "@jimp/diff": ["@jimp/diff@1.6.1", "", { "dependencies": { "@jimp/plugin-resize": "1.6.1", "@jimp/types": "1.6.1", "@jimp/utils": "1.6.1", "pixelmatch": "^5.3.0" } }, "sha512-YkKDPdHjLgo1Api3+Bhc0GLAygldlpt97NfOKoNg1U6IUNXA6X2MgosCjPfSBiSvJvrrz1fsIR+/4cfYXBI/HQ=="],

    "@jimp/file-ops": ["@jimp/file-ops@1.6.1", "", {}, "sha512-T+gX6osHjprbDRad0/B71Evyre7ZdVY1z/gFGEG9Z8KOtZPKboWvPeP2UjbZYWQLy9UKCPQX1FNAnDiOPkJL7w=="],

    "@jimp/js-bmp": ["@jimp/js-bmp@1.6.1", "", { "dependencies": { "@jimp/core": "1.6.1", "@jimp/types": "1.6.1", "@jimp/utils": "1.6.1", "bmp-ts": "^1.0.9" } }, "sha512-xzWzNT4/u5zGrTT3Tme9sGU7YzIKxi13+BCQwLqACbt5DXf9SAfdzRkopZQnmDko+6In5nqaT89Gjs43/WdnYQ=="],

    "@jimp/js-gif": ["@jimp/js-gif@1.6.1", "", { "dependencies": { "@jimp/core": "1.6.1", "@jimp/types": "1.6.1", "gifwrap": "^0.10.1", "omggif": "^1.0.10" } }, "sha512-YjY2W26rQa05XhanYhRZ7dingCiNN+T2Ymb1JiigIbABY0B28wHE3v3Cf1/HZPWGu0hOg36ylaKgV5KxF2M58w=="],

    "@jimp/js-jpeg": ["@jimp/js-jpeg@1.6.1", "", { "dependencies": { "@jimp/core": "1.6.1", "@jimp/types": "1.6.1", "jpeg-js": "^0.4.4" } }, "sha512-HT9H3yOmlOFzYmdI15IYdfy6ggQhSRIaHeA+OTJSEORXBqEo97sUZu/DsgHIcX5NJ7TkJBTgZ9BZXsV6UbsyMg=="],

    "@jimp/js-png": ["@jimp/js-png@1.6.1", "", { "dependencies": { "@jimp/core": "1.6.1", "@jimp/types": "1.6.1", "pngjs": "^7.0.0" } }, "sha512-SZ/KVhI5UjcSzzlXsXdIi/LhJ7UShf2NkMOtVrbZQcGzsqNtynAelrOXeoTxcanfVqmNhAoVHg8yR2cYoqrYjA=="],

    "@jimp/js-tiff": ["@jimp/js-tiff@1.6.1", "", { "dependencies": { "@jimp/core": "1.6.1", "@jimp/types": "1.6.1", "utif2": "^4.1.0" } }, "sha512-jDG/eJquID1M4MBlKMmDRBmz2TpXMv7TUyu2nIRUxhlUc2ogC82T+VQUkca9GJH1BBJ9dx5sSE5dGkWNjIbZxw=="],

    "@jimp/plugin-blit": ["@jimp/plugin-blit@1.6.1", "", { "dependencies": { "@jimp/types": "1.6.1", "@jimp/utils": "1.6.1", "zod": "^3.23.8" } }, "sha512-MwnI7C7K81uWddY9FLw1fCOIy6SsPIUftUz36Spt7jisCn8/40DhQMlSxpxTNelnZb/2SnloFimQfRZAmHLOqQ=="],

    "@jimp/plugin-blur": ["@jimp/plugin-blur@1.6.1", "", { "dependencies": { "@jimp/core": "1.6.1", "@jimp/utils": "1.6.1" } }, "sha512-lIo7Tzp5jQu30EFFSK/phXANK3citKVEjepDjQ6ljHoIFtuMRrnybnmI2Md24ulvWlDaz+hh3n6qrMb8ydwhZQ=="],

    "@jimp/plugin-circle": ["@jimp/plugin-circle@1.6.1", "", { "dependencies": { "@jimp/types": "1.6.1", "zod": "^3.23.8" } }, "sha512-kK1PavY6cKHNNKce37vdV4Tmpc1/zDKngGoeOV3j+EMatoHFZUinV3s6F9aWryPs3A0xhCLZgdJ6Zeea1d5LCQ=="],

    "@jimp/plugin-color": ["@jimp/plugin-color@1.6.1", "", { "dependencies": { "@jimp/core": "1.6.1", "@jimp/types": "1.6.1", "@jimp/utils": "1.6.1", "tinycolor2": "^1.6.0", "zod": "^3.23.8" } }, "sha512-LtUN1vAP+LRlZAtTNVhDRSiXx+26Kbz3zJaG6a5k59gQ95jgT5mknnF8lxkHcqJthM4MEk3/tPxkdJpEybyF/A=="],

    "@jimp/plugin-contain": ["@jimp/plugin-contain@1.6.1", "", { "dependencies": { "@jimp/core": "1.6.1", "@jimp/plugin-blit": "1.6.1", "@jimp/plugin-resize": "1.6.1", "@jimp/types": "1.6.1", "@jimp/utils": "1.6.1", "zod": "^3.23.8" } }, "sha512-m0qhrfA8jkTqretGv4w+T/ADFR4GwBpE0sCOC2uJ0dzr44/ddOMsIdrpi89kabqYiPYIrxkgdCVCLm3zn1Vkkg=="],

    "@jimp/plugin-cover": ["@jimp/plugin-cover@1.6.1", "", { "dependencies": { "@jimp/core": "1.6.1", "@jimp/plugin-crop": "1.6.1", "@jimp/plugin-resize": "1.6.1", "@jimp/types": "1.6.1", "zod": "^3.23.8" } }, "sha512-hZytnsth0zoll6cPf434BrT+p/v569Wr5tyO6Dp0dH1IDPhzhB5F38sZGMLDo7bzQiN9JFVB3fxkcJ/WYCJ3Mg=="],

    "@jimp/plugin-crop": ["@jimp/plugin-crop@1.6.1", "", { "dependencies": { "@jimp/core": "1.6.1", "@jimp/types": "1.6.1", "@jimp/utils": "1.6.1", "zod": "^3.23.8" } }, "sha512-EerRSLlclXyKDnYc/H9w/1amZW7b7v3OGi/VlerPd2M/pAu5X8TkyYWtfqYCXnNp1Ixtd8oCo9zGfY9zoXT4rg=="],

    "@jimp/plugin-displace": ["@jimp/plugin-displace@1.6.1", "", { "dependencies": { "@jimp/types": "1.6.1", "@jimp/utils": "1.6.1", "zod": "^3.23.8" } }, "sha512-K07QVl7xQwIfD6KfxRV/c3E9e7ZBXxUXdWuvoTWcKHL2qV48MOF5Nqbz/aJW4ThnQARIsxvYlZjPFiqkCjlU+g=="],

    "@jimp/plugin-dither": ["@jimp/plugin-dither@1.6.1", "", { "dependencies": { "@jimp/types": "1.6.1" } }, "sha512-+2V+GCV2WycMoX1/z977TkZ8Zq/4MVSKElHYatgUqtwXMi2fDK2gKYU2g9V39IqFvTJsTIsK0+58VFz/ROBVew=="],

    "@jimp/plugin-fisheye": ["@jimp/plugin-fisheye@1.6.1", "", { "dependencies": { "@jimp/types": "1.6.1", "@jimp/utils": "1.6.1", "zod": "^3.23.8" } }, "sha512-XtS5ZyoZ0vxZxJ6gkqI63SivhtI58vX95foMPM+cyzYkRsJXMOYCr8DScxF5bp4Xr003NjYm/P+7+08tibwzHA=="],

    "@jimp/plugin-flip": ["@jimp/plugin-flip@1.6.1", "", { "dependencies": { "@jimp/types": "1.6.1", "zod": "^3.23.8" } }, "sha512-ws38W/sGj7LobNRayQ83garxiktOyWxM5vO/y4a/2cy9v65SLEUzVkrj+oeAaUSSObdz4HcCEla7XtGlnAGAaA=="],

    "@jimp/plugin-hash": ["@jimp/plugin-hash@1.6.1", "", { "dependencies": { "@jimp/core": "1.6.1", "@jimp/js-bmp": "1.6.1", "@jimp/js-jpeg": "1.6.1", "@jimp/js-png": "1.6.1", "@jimp/js-tiff": "1.6.1", "@jimp/plugin-color": "1.6.1", "@jimp/plugin-resize": "1.6.1", "@jimp/types": "1.6.1", "@jimp/utils": "1.6.1", "any-base": "^1.1.0" } }, "sha512-sZt6ZcMX6i8vFWb4GYnw0pR/o9++ef0dTVcboTB5B/g7nrxCODIB4wfEkJ/YqZM5wUvol77K1qeS0/rVO6z21A=="],

    "@jimp/plugin-mask": ["@jimp/plugin-mask@1.6.1", "", { "dependencies": { "@jimp/types": "1.6.1", "zod": "^3.23.8" } }, "sha512-SIG0/FcmEj3tkwFxc7fAGLO8o4uNzMpSOdQOhbCgxefQKq5wOVMk9BQx/sdMPBwtMLr9WLq0GzLA/rk6t2v20A=="],

    "@jimp/plugin-print": ["@jimp/plugin-print@1.6.1", "", { "dependencies": { "@jimp/core": "1.6.1", "@jimp/js-jpeg": "1.6.1", "@jimp/js-png": "1.6.1", "@jimp/plugin-blit": "1.6.1", "@jimp/types": "1.6.1", "parse-bmfont-ascii": "^1.0.6", "parse-bmfont-binary": "^1.0.6", "parse-bmfont-xml": "^1.1.6", "simple-xml-to-json": "^1.2.2", "zod": "^3.23.8" } }, "sha512-BYVz/X3Xzv8XYilVeDy11NOp0h7BTDjlOtu0BekIFHP1yHVd24AXNzbOy52XlzYZWQ0Dl36HOHEpl/nSNrzc6w=="],

    "@jimp/plugin-quantize": ["@jimp/plugin-quantize@1.6.1", "", { "dependencies": { "image-q": "^4.0.0", "zod": "^3.23.8" } }, "sha512-J2En9PLURfP+vwYDtuZ9T8yBW6BWYZBScydAjRiPBmJfEhTcNQqiiQODrZf7EqbbX/Sy5H6dAeRiqkgoV9N6Ww=="],

    "@jimp/plugin-resize": ["@jimp/plugin-resize@1.6.1", "", { "dependencies": { "@jimp/core": "1.6.1", "@jimp/types": "1.6.1", "zod": "^3.23.8" } }, "sha512-CLkrtJoIz2HdWnpYiN6p8KYcPc00rCH/SUu6o+lfZL05Q4uhecJlnvXuj9x+U6mDn3ldPmJj6aZqMHuUJzdVqg=="],

    "@jimp/plugin-rotate": ["@jimp/plugin-rotate@1.6.1", "", { "dependencies": { "@jimp/core": "1.6.1", "@jimp/plugin-crop": "1.6.1", "@jimp/plugin-resize": "1.6.1", "@jimp/types": "1.6.1", "@jimp/utils": "1.6.1", "zod": "^3.23.8" } }, "sha512-nOjVjbbj705B02ksysKnh0POAwEBXZtJ9zQ5qC+X7Tavl3JNn+P3BzQovbBxLPSbUSld6XID9z5ijin4PtOAUg=="],

    "@jimp/plugin-threshold": ["@jimp/plugin-threshold@1.6.1", "", { "dependencies": { "@jimp/core": "1.6.1", "@jimp/plugin-color": "1.6.1", "@jimp/plugin-hash": "1.6.1", "@jimp/types": "1.6.1", "@jimp/utils": "1.6.1", "zod": "^3.23.8" } }, "sha512-JOKv9F8s6tnVLf4sB/2fF0F339EFnHvgEdFYugO6VhowKLsap0pEZmLyE/DlRnYtIj2RddHZVxVMp/eKJ04l2Q=="],

    "@jimp/types": ["@jimp/types@1.6.1", "", { "dependencies": { "zod": "^3.23.8" } }, "sha512-leI7YbveTNi565m910XgIOwXyuu074H5qazAD1357HImJSv2hqxnWXpwxQbadGWZ7goZRYBDZy5lpqud0p7q5w=="],

    "@jimp/utils": ["@jimp/utils@1.6.1", "", { "dependencies": { "@jimp/types": "1.6.1", "tinycolor2": "^1.6.0" } }, "sha512-veFPRd93FCnS7AgmCkPgARVGoDRrJ9cm1ujuNyA+UfQ5VKbED2002sm5XfFLFwTsKC8j04heTrwe+tU1dluXOw=="],

    "@malept/cross-spawn-promise": ["@malept/cross-spawn-promise@1.1.1", "", { "dependencies": { "cross-spawn": "^7.0.1" } }, "sha512-RTBGWL5FWQcg9orDOCcp4LvItNzUPcyEU9bwaeJX0rJ1IQxzucC48Y0/sQLp/g6t99IQgAlGIaesJS+gTn7tVQ=="],

    "@opentui-ui/dialog": ["@opentui-ui/dialog@0.1.2", "", { "peerDependencies": { "@opentui/core": "^0.1.69", "@opentui/react": "^0.1.69", "@opentui/solid": "^0.1.69" }, "optionalPeers": ["@opentui/react", "@opentui/solid"] }, "sha512-EZ4FG5u5sxU75+6pcsJsLzsD5JqO05So/1ceZUKUu7nxZ9IF7gcZEi+MU4HnYC9cb2Q7w6hM9y3/iW+jE1C53w=="],

    "@opentui-ui/toast": ["@opentui-ui/toast@0.0.5", "", { "peerDependencies": { "@opentui/core": "^0.1.63", "@opentui/react": "^0.1.63", "@opentui/solid": "^0.1.63" }, "optionalPeers": ["@opentui/react", "@opentui/solid"] }, "sha512-LOT5Bw0F5AEyhjSqpKgS7aSe7M7v+ahaAa4t3/K2dtWiT0CJ711UHXqM31KKN6yuHoUKRNs+g+643ety/a3lEw=="],

    "@opentui/core": ["@opentui/core@0.3.2", "", { "dependencies": { "bun-ffi-structs": "0.2.2", "diff": "9.0.0", "marked": "17.0.1", "string-width": "7.2.0", "strip-ansi": "7.1.2", "yoga-layout": "3.2.1" }, "optionalDependencies": { "@opentui/core-darwin-arm64": "0.3.2", "@opentui/core-darwin-x64": "0.3.2", "@opentui/core-linux-arm64": "0.3.2", "@opentui/core-linux-arm64-musl": "0.3.2", "@opentui/core-linux-x64": "0.3.2", "@opentui/core-linux-x64-musl": "0.3.2", "@opentui/core-win32-arm64": "0.3.2", "@opentui/core-win32-x64": "0.3.2" }, "peerDependencies": { "web-tree-sitter": "0.25.10" } }, "sha512-5rCVS/3Obb3iLqg/egLCRArt7hAu3lX/9PWVHqUlnJylCT6b5NYDFljt0r3x8v3VG98LB71UzpnDv7DgmGKATw=="],

    "@opentui/core-darwin-arm64": ["@opentui/core-darwin-arm64@0.3.2", "", { "os": "darwin", "cpu": "arm64" }, "sha512-rFnGfqqEOGiUTbxglpiDA500KeRqcI1ukemhNfDrEzx3imAArS8mFZSuUG7ib31P5EpX+PXuvg0G9/3YXfgWeQ=="],

    "@opentui/core-darwin-x64": ["@opentui/core-darwin-x64@0.3.2", "", { "os": "darwin", "cpu": "x64" }, "sha512-Z+/GxKvB3NzMDSwuyWR7HDStbaNRf5a09lt5W9b4BGmCAFW/mbX0Tuh3kloubcMgiq5vLnVaNzY19hrIgJrjGQ=="],

    "@opentui/core-linux-arm64": ["@opentui/core-linux-arm64@0.3.2", "", { "os": "linux", "cpu": "arm64" }, "sha512-0TRuGNR+2GGk0rQuDaIxkIa/3Ty/XySfeOQLAUX4Jqaifky04As69fYT17yOhHqg5viCJUAGG/SdW8IH6C2osg=="],

    "@opentui/core-linux-arm64-musl": ["@opentui/core-linux-arm64-musl@0.3.2", "", { "os": "linux", "cpu": "arm64" }, "sha512-noDKfwYUjutQUx5rtoyKrBIYaeSCmAmtxOSJdnKecyWEhMygtdHp4ssPtxzsZMuQAliHogCmD7vUG/pGMgcXMQ=="],

    "@opentui/core-linux-x64": ["@opentui/core-linux-x64@0.3.2", "", { "os": "linux", "cpu": "x64" }, "sha512-EZp+Lg9eZwzwNny4l2ACHdC95JbEKYbor1WImnm6IEo1e2Fgl9mltYv2J+i+Ea+dXQbrkK/MRIw7CRusxfqFFA=="],

    "@opentui/core-linux-x64-musl": ["@opentui/core-linux-x64-musl@0.3.2", "", { "os": "linux", "cpu": "x64" }, "sha512-/FNGeJYhCHcIE3qBIo+nl8014NZ8u/XXUwQY2RjuWhMnzK9kQUfZ3cW4FP6FkOA/k4jGvByya47193II6djFtw=="],

    "@opentui/core-win32-arm64": ["@opentui/core-win32-arm64@0.3.2", "", { "os": "win32", "cpu": "arm64" }, "sha512-/zb5nCZKDgBS1UEQXrzTYUbbTPFMygbiZ/BfNWjEDIbm63gVzQ7pVouYbGP+88CRXIJtwT6LeoVPgp9nmOrDWQ=="],

    "@opentui/core-win32-x64": ["@opentui/core-win32-x64@0.3.2", "", { "os": "win32", "cpu": "x64" }, "sha512-q8xqMhW1jlJVzos+A5+FXRquH01j1ZHmrNi/9++W1Ebz3LQYn+8Z8j7rcV/meIiDuo9nyRHigQQT+cy9xV4N2g=="],

    "@opentui/react": ["@opentui/react@0.3.2", "", { "dependencies": { "@opentui/core": "0.3.2", "react-reconciler": "^0.33.0" }, "peerDependencies": { "react": ">=19.2.0", "react-devtools-core": "^7.0.1", "ws": "^8.18.0" } }, "sha512-l127HNixmoXzfyPJ7UOFhkF4BOonk27T6eoRjDQHlzMW7OyHkDWWb1HhFhr3WDaKhusVMQ/brxngA0aRaDhTHA=="],

    "@stoqey/ib": ["@stoqey/ib@1.5.6", "", { "dependencies": { "colors": "^1.4.0", "command-buffer": "^0.1.0", "dotenv": "^16.4.7", "eventemitter3": "^5.0.1", "function-rate-limit": "^1.1.0", "rxjs": "^7.8.1" } }, "sha512-l1Uep43VU/atLKRA7XraUt8M4iMgbZ8O+lw6oi1On4Vlkvya1Ry2C83dKEVTrlPn6ZpTkm5YQaUw5+c+yX18gg=="],

    "@tanstack/react-virtual": ["@tanstack/react-virtual@3.14.2", "", { "dependencies": { "@tanstack/virtual-core": "3.17.0" }, "peerDependencies": { "react": "^16.8.0 || ^17.0.0 || ^18.0.0 || ^19.0.0", "react-dom": "^16.8.0 || ^17.0.0 || ^18.0.0 || ^19.0.0" } }, "sha512-IpWnmCLvuymRfeeLNVXIzNEYBFLpd3drVIS91sqV78VTZFyldlChkOocZRCPp1B+Wnk09bcLNme8WaMU/9/9bQ=="],

    "@tanstack/virtual-core": ["@tanstack/virtual-core@3.17.0", "", {}, "sha512-gOxY/hFkPh/XQYhnThBHzkbkX3Ed+z/iushyz+R+JAr213aXxUDgQoTgTdrDpBSRsjFM73P/KfUyWmaF9WHMkQ=="],

    "@tokenizer/inflate": ["@tokenizer/inflate@0.4.1", "", { "dependencies": { "debug": "^4.4.3", "token-types": "^6.1.1" } }, "sha512-2mAv+8pkG6GIZiF1kNg1jAjh27IDxEPKwdGul3snfztFerfPGI1LjDezZp3i7BElXompqEtPmoPx6c2wgtWsOA=="],

    "@tokenizer/token": ["@tokenizer/token@0.3.0", "", {}, "sha512-OvjF+z51L3ov0OyAU0duzsYuvO01PH7x4t6DJx+guahgTnBHkhJdG7soQeTSFLWN3efnHyibZ4Z8l2EuWwJN3A=="],

    "@tootallnate/quickjs-emscripten": ["@tootallnate/quickjs-emscripten@0.23.0", "", {}, "sha512-C5Mc6rdnsaJDjO3UpGW/CQTHtCKaYlScZTly4JIu97Jxo/odCiH0ITnDXSJPTOrEKk/ycSZ0AOgTmkDtkOsvIA=="],

    "@types/bun": ["@types/bun@1.3.14", "", { "dependencies": { "bun-types": "1.3.14" } }, "sha512-h1hFqFVcvAvD9j9K7ZW7vd82aSA+rTdznZa+5bwvCwqSB1jmmfLcbIWhOLx1/+boy/xmjgCs/OMUL8hRJSmnPw=="],

    "@types/node": ["@types/node@17.0.45", "", {}, "sha512-w+tIMs3rq2afQdsPJlODhoUEKzFP1ayaoyl1CcnwtIlsVe7K7bA1NGm4s3PraqTLlXnbIN84zuBlxBWo1u9BLw=="],

    "@types/react": ["@types/react@19.1.11", "", { "dependencies": { "csstype": "^3.0.2" } }, "sha512-lr3jdBw/BGj49Eps7EvqlUaoeA0xpj3pc0RoJkHpYaCHkVK7i28dKyImLQb3JVlqs3aYSXf7qYuWOW/fgZnTXQ=="],

    "@types/react-dom": ["@types/react-dom@19.2.3", "", { "peerDependencies": { "@types/react": "^19.2.0" } }, "sha512-jp2L/eY6fn+KgVVQAOqYItbF0VY/YApe5Mz2F0aykSO8gx31bYCZyvSeYxCHKvzHG5eZjc+zyaS5BrBWya2+kQ=="],

    "agent-base": ["agent-base@7.1.4", "", {}, "sha512-MnA+YT8fwfJPgBx3m60MNqakm30XOkyIoH1y6huTQvC0PwZG7ki8NacLBcrPbNoo8vEZy7Jpuk7+jMO+CUovTQ=="],

    "ansi-regex": ["ansi-regex@6.2.2", "", {}, "sha512-Bq3SmSpyFHaWjPk8If9yc6svM8c56dB5BAtW4Qbw5jHTwwXXcTLoRMkpDJp6VL0XzlWaCHTXrkFURMYmD0sLqg=="],

    "any-base": ["any-base@1.1.0", "", {}, "sha512-uMgjozySS8adZZYePpaWs8cxB9/kdzmpX6SgJZ+wbz1K5eYk5QMYDVJaZKhxyIHUdnnJkfR7SVgStgH7LkGUyg=="],

    "ast-types": ["ast-types@0.13.4", "", { "dependencies": { "tslib": "^2.0.1" } }, "sha512-x1FCFnFifvYDDzTaLII71vG5uvDwgtmDTEVWAxrgeiR8VjMONcCXJx7E+USjDtHlwFmt9MysbqgF9b9Vjr6w+w=="],

    "await-to-js": ["await-to-js@3.0.0", "", {}, "sha512-zJAaP9zxTcvTHRlejau3ZOY4V7SRpiByf3/dxx2uyKxxor19tpmpV2QRsTKikckwhaPmr2dVpxxMr7jOCYVp5g=="],

    "basic-ftp": ["basic-ftp@5.3.0", "", {}, "sha512-5K9eNNn7ywHPsYnFwjKgYH8Hf8B5emh7JKcPaVjjrMJFQQwGpwowEnZNEtHs7DfR7hCZsmaK3VA4HUK0YarT+w=="],

    "bmp-ts": ["bmp-ts@1.0.9", "", {}, "sha512-cTEHk2jLrPyi+12M3dhpEbnnPOsaZuq7C45ylbbQIiWgDFZq4UVYPEY5mlqjvsj/6gJv9qX5sa+ebDzLXT28Vw=="],

    "bun-ffi-structs": ["bun-ffi-structs@0.2.2", "", { "peerDependencies": { "typescript": "^5" } }, "sha512-N/ZWtyN0piZlrXQT7TO0V+q952orYqkfhXRXM1Hcbb+R3QSiBH4vLnib187Mrs1H7pWIYECAmPeapGYDOMCl+w=="],

    "bun-types": ["bun-types@1.3.14", "", { "dependencies": { "@types/node": "*" } }, "sha512-4N0ig0fEomHt5R0KCFWjovxow98rIoRwKolrYdCcknNwMekCXRnWEUvgu5soYV8QXtVsrUD8B95MBOZGPvr6KQ=="],

    "cli-spinners": ["cli-spinners@3.4.0", "", {}, "sha512-bXfOC4QcT1tKXGorxL3wbJm6XJPDqEnij2gQ2m7ESQuE+/z9YFIWnl/5RpTiKWbMq3EVKR4fRLJGn6DVfu0mpw=="],

    "colors": ["colors@1.4.0", "", {}, "sha512-a+UqTh4kgZg/SlGvfbzDHpgRu7AAQOmmqRHJnxhRZICKFUT91brVhNNt58CMWU9PsBbv3PDCZUHbVxuDiH2mtA=="],

    "command-buffer": ["command-buffer@0.1.0", "", {}, "sha512-HgU3HdxE1rQ0MWi+LM8AxTubzW1+r5EoPGy/V5XsqNFsZpU6phHLKBee+qRhEr2tMpNaWbqq2PyRF7ZsTlrIKQ=="],

    "cross-spawn": ["cross-spawn@7.0.6", "", { "dependencies": { "path-key": "^3.1.0", "shebang-command": "^2.0.0", "which": "^2.0.1" } }, "sha512-uV2QOWP2nWzsy2aMp8aRibhi9dlzF5Hgh5SHaB9OiTGEyDTiJJyx0uy51QXdyWbtAHNua4XJzUKca3OzKUd3vA=="],

    "cross-spawn-windows-exe": ["cross-spawn-windows-exe@1.2.0", "", { "dependencies": { "@malept/cross-spawn-promise": "^1.1.0", "is-wsl": "^2.2.0", "which": "^2.0.2" } }, "sha512-mkLtJJcYbDCxEG7Js6eUnUNndWjyUZwJ3H7bErmmtOYU/Zb99DyUkpamuIZE0b3bhmJyZ7D90uS6f+CGxRRjOw=="],

    "csstype": ["csstype@3.1.3", "", {}, "sha512-M1uQkMl8rQK/szD0LNhtqxIPLpimGm8sOBwU7lLnCpSbTyY3yeU1Vc7l4KT5zT4s/yOxHH5O7tIuuLOCnLADRw=="],

    "data-uri-to-buffer": ["data-uri-to-buffer@6.0.2", "", {}, "sha512-7hvf7/GW8e86rW0ptuwS3OcBGDjIi6SZva7hCyWC0yYry2cOPmLIjXAUHI6DK2HsnwJd9ifmt57i8eV2n4YNpw=="],

    "debug": ["debug@4.4.3", "", { "dependencies": { "ms": "^2.1.3" } }, "sha512-RGwwWnwQvkVfavKVt22FGLw+xYSdzARwm0ru6DhTVA3umU5hZc28V3kO4stgYryrTlLpuvgI9GiijltAjNbcqA=="],

    "degenerator": ["degenerator@5.0.1", "", { "dependencies": { "ast-types": "^0.13.4", "escodegen": "^2.1.0", "esprima": "^4.0.1" } }, "sha512-TllpMR/t0M5sqCXfj85i4XaAzxmS5tVA16dqvdkMwGmzI+dXLXnw3J+3Vdv7VKw+ThlTMboK6i9rnZ6Nntj5CQ=="],

    "diff": ["diff@9.0.0", "", {}, "sha512-svtcdpS8CgJyqAjEQIXdb3OjhFVVYjzGAPO8WGCmRbrml64SPw/jJD4GoE98aR7r25A0XcgrK3F02yw9R/vhQw=="],

    "dotenv": ["dotenv@16.6.1", "", {}, "sha512-uBq4egWHTcTt33a72vpSG0z3HnPuIl6NqYcTrKEg2azoEyl2hpW0zqlxysq2pK9HlDIHyHyakeYaYnSAwd8bow=="],

    "electrobun": ["electrobun@1.18.1", "", { "dependencies": { "@babylonjs/core": "^7.45.0", "@types/bun": "^1.3.8", "png-to-ico": "^2.1.8", "proxy-agent": "^6.5.0", "rcedit": "^4.0.1", "three": "^0.165.0" }, "bin": { "electrobun": "bin/electrobun.cjs" } }, "sha512-tgZ+WKGskn/1/Y5i1mpVCCkgRa1O31Tz7MIArBTK44GfPzT43uOq9c/HvxdQGrLeZV8ZvjK1lQrwqSXCgh6tvA=="],

    "emoji-regex": ["emoji-regex@10.6.0", "", {}, "sha512-toUI84YS5YmxW219erniWD0CIVOo46xGKColeNQRgOzDorgBi1v4D71/OFzgD9GO2UGKIv1C3Sp8DAn0+j5w7A=="],

    "escodegen": ["escodegen@2.1.0", "", { "dependencies": { "esprima": "^4.0.1", "estraverse": "^5.2.0", "esutils": "^2.0.2" }, "optionalDependencies": { "source-map": "~0.6.1" }, "bin": { "esgenerate": "bin/esgenerate.js", "escodegen": "bin/escodegen.js" } }, "sha512-2NlIDTwUWJN0mRPQOdtQBzbUHvdGY2P1VXSyU83Q3xKxM7WHX2Ql8dKq782Q9TgQUNOLEzEYu9bzLNj1q88I5w=="],

    "esprima": ["esprima@4.0.1", "", { "bin": { "esparse": "./bin/esparse.js", "esvalidate": "./bin/esvalidate.js" } }, "sha512-eGuFFw7Upda+g4p+QHvnW0RyTX/SVeJBDM/gCtMARO0cLuT2HcEKnTPvhjV6aGeqrCB/sbNop0Kszm0jsaWU4A=="],

    "estraverse": ["estraverse@5.3.0", "", {}, "sha512-MMdARuVEQziNTeJD8DgMqmhwR11BRQ/cBP+pLtYdSTnf3MIO8fFeiINEbX36ZdNlfU/7A9f3gUw49B3oQsvwBA=="],

    "esutils": ["esutils@2.0.3", "", {}, "sha512-kVscqXk4OCp68SZ0dkgEKVi6/8ij300KBWTJq32P/dYeWTSwK41WyTxalN1eRmA5Z9UU/LX9D7FWSmV9SAYx6g=="],

    "eventemitter3": ["eventemitter3@5.0.4", "", {}, "sha512-mlsTRyGaPBjPedk6Bvw+aqbsXDtoAyAzm5MO7JgU+yVRyMQ5O8bD4Kcci7BS85f93veegeCPkL8R4GLClnjLFw=="],

    "exif-parser": ["exif-parser@0.1.12", "", {}, "sha512-c2bQfLNbMzLPmzQuOr8fy0csy84WmwnER81W88DzTp9CYNPJ6yzOj2EZAh9pywYpqHnshVLHQJ8WzldAyfY+Iw=="],

    "file-type": ["file-type@21.3.4", "", { "dependencies": { "@tokenizer/inflate": "^0.4.1", "strtok3": "^10.3.4", "token-types": "^6.1.1", "uint8array-extras": "^1.4.0" } }, "sha512-Ievi/yy8DS3ygGvT47PjSfdFoX+2isQueoYP1cntFW1JLYAuS4GD7NUPGg4zv2iZfV52uDyk5w5Z0TdpRS6Q1g=="],

    "function-rate-limit": ["function-rate-limit@1.1.0", "", {}, "sha512-XNFOWy3kSz+96MeBCDUMmsLMSb7SmkAIfnhOsPRPz9V2Dx2agNmqjT//3QvXOgIH7FcGPfXMj8peajKHYuQ/Sw=="],

    "get-east-asian-width": ["get-east-asian-width@1.6.0", "", {}, "sha512-QRbvDIbx6YklUe6RxeTeleMR0yv3cYH6PsPZHcnVn7xv7zO1BHN8r0XETu8n6Ye3Q+ahtSarc3WgtNWmehIBfA=="],

    "get-uri": ["get-uri@6.0.5", "", { "dependencies": { "basic-ftp": "^5.0.2", "data-uri-to-buffer": "^6.0.2", "debug": "^4.3.4" } }, "sha512-b1O07XYq8eRuVzBNgJLstU6FYc1tS6wnMtF1I1D9lE8LxZSOGZ7LhxN54yPP6mGw5f2CkXY2BQUL9Fx41qvcIg=="],

    "gifwrap": ["gifwrap@0.10.1", "", { "dependencies": { "image-q": "^4.0.0", "omggif": "^1.0.10" } }, "sha512-2760b1vpJHNmLzZ/ubTtNnEx5WApN/PYWJvXvgS+tL1egTTthayFYIQQNi136FLEDcN/IyEY2EcGpIITD6eYUw=="],

    "hls.js": ["hls.js@1.6.13", "", {}, "sha512-hNEzjZNHf5bFrUNvdS4/1RjIanuJ6szpWNfTaX5I6WfGynWXGT7K/YQLYtemSvFExzeMdgdE4SsyVLJbd5PcZA=="],

    "http-proxy-agent": ["http-proxy-agent@7.0.2", "", { "dependencies": { "agent-base": "^7.1.0", "debug": "^4.3.4" } }, "sha512-T1gkAiYYDWYx3V5Bmyu7HcfcvL7mUrTWiM6yOfa3PIphViJ/gFPbvidQ+veqSOHci/PxBcDabeUNCzpOODJZig=="],

    "https-proxy-agent": ["https-proxy-agent@7.0.6", "", { "dependencies": { "agent-base": "^7.1.2", "debug": "4" } }, "sha512-vK9P5/iUfdl95AI+JVyUuIcVtd4ofvtrOr3HNtM2yxC9bnMbEdp3x01OhQNnjb8IJYi38VlTE3mBXwcfvywuSw=="],

    "ieee754": ["ieee754@1.2.1", "", {}, "sha512-dcyqhDvX1C46lXZcVqCpK+FtMRQVdIMN6/Df5js2zouUsqG7I6sFxitIC+7KYK29KdXOLHdu9zL4sFnoVQnqaA=="],

    "image-q": ["image-q@4.0.0", "", { "dependencies": { "@types/node": "16.9.1" } }, "sha512-PfJGVgIfKQJuq3s0tTDOKtztksibuUEbJQIYT3by6wctQo+Rdlh7ef4evJ5NCdxY4CfMbvFkocEwbl4BF8RlJw=="],

    "ip-address": ["ip-address@10.1.0", "", {}, "sha512-XXADHxXmvT9+CRxhXg56LJovE+bmWnEWB78LB83VZTprKTmaC5QfruXocxzTZ2Kl0DNwKuBdlIhjL8LeY8Sf8Q=="],

    "is-docker": ["is-docker@2.2.1", "", { "bin": { "is-docker": "cli.js" } }, "sha512-F+i2BKsFrH66iaUFc0woD8sLy8getkwTwtOBjvs56Cx4CgJDeKQeqfz8wAYiSb8JOprWhHH5p77PbmYCvvUuXQ=="],

    "is-wsl": ["is-wsl@2.2.0", "", { "dependencies": { "is-docker": "^2.0.0" } }, "sha512-fKzAra0rGJUUBwGBgNkHZuToZcn+TtXHpeCgmkMJMMYx1sQDYaCSyjJBSCa2nH1DGm7s3n1oBnohoVTBaN7Lww=="],

    "isexe": ["isexe@2.0.0", "", {}, "sha512-RHxMLp9lnKHGHRng9QFhRCMbYAcVpn69smSGcq3f36xjgVVWThj4qqLbTLlq7Ssj8B+fIQ1EuCEGI2lKsyQeIw=="],

    "jimp": ["jimp@1.6.1", "", { "dependencies": { "@jimp/core": "1.6.1", "@jimp/diff": "1.6.1", "@jimp/js-bmp": "1.6.1", "@jimp/js-gif": "1.6.1", "@jimp/js-jpeg": "1.6.1", "@jimp/js-png": "1.6.1", "@jimp/js-tiff": "1.6.1", "@jimp/plugin-blit": "1.6.1", "@jimp/plugin-blur": "1.6.1", "@jimp/plugin-circle": "1.6.1", "@jimp/plugin-color": "1.6.1", "@jimp/plugin-contain": "1.6.1", "@jimp/plugin-cover": "1.6.1", "@jimp/plugin-crop": "1.6.1", "@jimp/plugin-displace": "1.6.1", "@jimp/plugin-dither": "1.6.1", "@jimp/plugin-fisheye": "1.6.1", "@jimp/plugin-flip": "1.6.1", "@jimp/plugin-hash": "1.6.1", "@jimp/plugin-mask": "1.6.1", "@jimp/plugin-print": "1.6.1", "@jimp/plugin-quantize": "1.6.1", "@jimp/plugin-resize": "1.6.1", "@jimp/plugin-rotate": "1.6.1", "@jimp/plugin-threshold": "1.6.1", "@jimp/types": "1.6.1", "@jimp/utils": "1.6.1" } }, "sha512-hNQh6rZtWfSVWSNVmvq87N5BPJsNH7k7I7qyrXf9DOma9xATQk3fsyHazCQe51nCjdkoWdTmh0vD7bjVSLoxxw=="],

    "jpeg-js": ["jpeg-js@0.4.4", "", {}, "sha512-WZzeDOEtTOBK4Mdsar0IqEU5sMr3vSV2RqkAIzUEV2BHnUfKGyswWFPFwK5EeDo93K3FohSHbLAjj0s1Wzd+dg=="],

    "lru-cache": ["lru-cache@7.18.3", "", {}, "sha512-jumlc0BIUrS3qJGgIkWZsyfAM7NCWiBcCDhnd+3NNM5KbBmLTgHVfWBcg6W+rLUsIpzpERPsvwUP7CckAQSOoA=="],

    "marked": ["marked@17.0.1", "", { "bin": { "marked": "bin/marked.js" } }, "sha512-boeBdiS0ghpWcSwoNm/jJBwdpFaMnZWRzjA6SkUMYb40SVaN1x7mmfGKp0jvexGcx+7y2La5zRZsYFZI6Qpypg=="],

    "meriyah": ["meriyah@6.1.4", "", {}, "sha512-Sz8FzjzI0kN13GK/6MVEsVzMZEPvOhnmmI1lU5+/1cGOiK3QUahntrNNtdVeihrO7t9JpoH75iMNXg6R6uWflQ=="],

    "mime": ["mime@3.0.0", "", { "bin": { "mime": "cli.js" } }, "sha512-jSCU7/VB1loIWBZe14aEYHU/+1UMEHoaO7qxCOVJOw9GgH72VAWppxNcjU+x9a2k3GSIBXNKxXQFqRvvZ7vr3A=="],

    "minimist": ["minimist@1.2.8", "", {}, "sha512-2yyAR8qBkN3YuheJanUpWC5U3bb5osDywNB8RzDVlDwDHbocAJveqqj1u8+SVD7jkWT4yvsHCpWqqWqAxb0zCA=="],

    "ms": ["ms@2.1.3", "", {}, "sha512-6FlzubTLZG3J2a/NVCAleEhjzq5oxgHyaCU9yYXvcLsvoVaHJq/s5xXI6/XXP6tz7R9xAOtHnSO/tXtF3WRTlA=="],

    "netmask": ["netmask@2.1.1", "", {}, "sha512-eonl3sLUha+S1GzTPxychyhnUzKyeQkZ7jLjKrBagJgPla13F+uQ71HgpFefyHgqrjEbCPkDArxYsjY8/+gLKA=="],

    "omggif": ["omggif@1.0.10", "", {}, "sha512-LMJTtvgc/nugXj0Vcrrs68Mn2D1r0zf630VNtqtpI1FEO7e+O9FP4gqs9AcnBaSEeoHIPm28u6qgPR0oyEpGSw=="],

    "opentui-spinner": ["opentui-spinner@0.0.6", "", { "dependencies": { "cli-spinners": "^3.3.0" }, "peerDependencies": { "@opentui/core": "^0.1.49", "@opentui/react": "^0.1.49", "@opentui/solid": "^0.1.49", "typescript": "^5" }, "optionalPeers": ["@opentui/react", "@opentui/solid"] }, "sha512-xupLOeVQEAXEvVJCvHkfX6fChDWmJIPHe5jyUrVb8+n4XVTX8mBNhitFfB9v2ZbkC1H2UwPab/ElePHoW37NcA=="],

    "pac-proxy-agent": ["pac-proxy-agent@7.2.0", "", { "dependencies": { "@tootallnate/quickjs-emscripten": "^0.23.0", "agent-base": "^7.1.2", "debug": "^4.3.4", "get-uri": "^6.0.1", "http-proxy-agent": "^7.0.0", "https-proxy-agent": "^7.0.6", "pac-resolver": "^7.0.1", "socks-proxy-agent": "^8.0.5" } }, "sha512-TEB8ESquiLMc0lV8vcd5Ql/JAKAoyzHFXaStwjkzpOpC5Yv+pIzLfHvjTSdf3vpa2bMiUQrg9i6276yn8666aA=="],

    "pac-resolver": ["pac-resolver@7.0.1", "", { "dependencies": { "degenerator": "^5.0.0", "netmask": "^2.0.2" } }, "sha512-5NPgf87AT2STgwa2ntRMr45jTKrYBGkVU36yT0ig/n/GMAa3oPqhZfIQ2kMEimReg0+t9kZViDVZ83qfVUlckg=="],

    "pako": ["pako@1.0.11", "", {}, "sha512-4hLB8Py4zZce5s4yd9XzopqwVv/yGNhV1Bl8NTmCq1763HeK2+EwVTv+leGeL13Dnh2wfbqowVPXCIO0z4taYw=="],

    "parse-bmfont-ascii": ["parse-bmfont-ascii@1.0.6", "", {}, "sha512-U4RrVsUFCleIOBsIGYOMKjn9PavsGOXxbvYGtMOEfnId0SVNsgehXh1DxUdVPLoxd5mvcEtvmKs2Mmf0Mpa1ZA=="],

    "parse-bmfont-binary": ["parse-bmfont-binary@1.0.6", "", {}, "sha512-GxmsRea0wdGdYthjuUeWTMWPqm2+FAd4GI8vCvhgJsFnoGhTrLhXDDupwTo7rXVAgaLIGoVHDZS9p/5XbSqeWA=="],

    "parse-bmfont-xml": ["parse-bmfont-xml@1.1.6", "", { "dependencies": { "xml-parse-from-string": "^1.0.0", "xml2js": "^0.5.0" } }, "sha512-0cEliVMZEhrFDwMh4SxIyVJpqYoOWDJ9P895tFuS+XuNzI5UBmBk5U5O4KuJdTnZpSBI4LFA2+ZiJaiwfSwlMA=="],

    "path-key": ["path-key@3.1.1", "", {}, "sha512-ojmeN0qd+y0jszEtoY48r0Peq5dwMEkIlCOu6Q5f41lfkswXuKtYrhgoTpLnyIcHm24Uhqx+5Tqm2InSwLhE6Q=="],

    "pixelmatch": ["pixelmatch@5.3.0", "", { "dependencies": { "pngjs": "^6.0.0" }, "bin": { "pixelmatch": "bin/pixelmatch" } }, "sha512-o8mkY4E/+LNUf6LzX96ht6k6CEDi65k9G2rjMtBe9Oo+VPKSvl+0GKHuH/AlG+GA5LPG/i5hrekkxUc3s2HU+Q=="],

    "png-to-ico": ["png-to-ico@2.1.8", "", { "dependencies": { "@types/node": "^17.0.36", "minimist": "^1.2.6", "pngjs": "^6.0.0" }, "bin": { "png-to-ico": "bin/cli.js" } }, "sha512-Nf+IIn/cZ/DIZVdGveJp86NG5uNib1ZXMiDd/8x32HCTeKSvgpyg6D/6tUBn1QO/zybzoMK0/mc3QRgAyXdv9w=="],

    "pngjs": ["pngjs@6.0.0", "", {}, "sha512-TRzzuFRRmEoSW/p1KVAmiOgPco2Irlah+bGFCeNfJXxxYGwSw7YwAOAcd7X28K/m5bjBWKsC29KyoMfHbypayg=="],

    "proxy-agent": ["proxy-agent@6.5.0", "", { "dependencies": { "agent-base": "^7.1.2", "debug": "^4.3.4", "http-proxy-agent": "^7.0.1", "https-proxy-agent": "^7.0.6", "lru-cache": "^7.14.1", "pac-proxy-agent": "^7.1.0", "proxy-from-env": "^1.1.0", "socks-proxy-agent": "^8.0.5" } }, "sha512-TmatMXdr2KlRiA2CyDu8GqR8EjahTG3aY3nXjdzFyoZbmB8hrBsTyMezhULIXKnC0jpfjlmiZ3+EaCzoInSu/A=="],

    "proxy-from-env": ["proxy-from-env@1.1.0", "", {}, "sha512-D+zkORCbA9f1tdWRK0RaCR3GPv50cMxcrz4X8k5LTSUD1Dkw47mKJEZQNunItRTkWwgtaUSo1RVFRIG9ZXiFYg=="],

    "rcedit": ["rcedit@4.0.1", "", { "dependencies": { "cross-spawn-windows-exe": "^1.1.0" } }, "sha512-bZdaQi34krFWhrDn+O53ccBDw0MkAT2Vhu75SqhtvhQu4OPyFM4RoVheyYiVQYdjhUi6EJMVWQ0tR6bCIYVkUg=="],

    "react": ["react@19.2.7", "", {}, "sha512-HNe9WslTbXmFK8o8cmwgAeJFSBvt1bPdHCVKtaaV+WlAN36mpT4hcRpwbf3fY56ar2oIXzsBpOAiIRHAdY0OlQ=="],

    "react-devtools-core": ["react-devtools-core@7.0.1", "", { "dependencies": { "shell-quote": "^1.6.1", "ws": "^7" } }, "sha512-C3yNvRHaizlpiASzy7b9vbnBGLrhvdhl1CbdU6EnZgxPNbai60szdLtl+VL76UNOt5bOoVTOz5rNWZxgGt+Gsw=="],

    "react-dom": ["react-dom@19.2.7", "", { "dependencies": { "scheduler": "^0.27.0" }, "peerDependencies": { "react": "^19.2.7" } }, "sha512-t0BRVXvbiE/o20Hfw669rLbMCDWtYZLvmJigy2f0MxsXF+71pxhR3xOkspmsO8h3ZlNzyibAmtCa3l4lYKk6gQ=="],

    "react-reconciler": ["react-reconciler@0.33.0", "", { "dependencies": { "scheduler": "^0.27.0" }, "peerDependencies": { "react": "^19.2.0" } }, "sha512-KetWRytFv1epdpJc3J4G75I4WrplZE5jOL7Yq0p34+OVOKF4Se7WrdIdVC45XsSSmUTlht2FM/fM1FZb1mfQeA=="],

    "rxjs": ["rxjs@7.8.2", "", { "dependencies": { "tslib": "^2.1.0" } }, "sha512-dhKf903U/PQZY6boNNtAGdWbG85WAbjT/1xYoZIC7FAY0yWapOBQVsVrDl58W86//e1VpMNBtRV4MaXfdMySFA=="],

    "sax": ["sax@1.4.1", "", {}, "sha512-+aWOz7yVScEGoKNd4PA10LZ8sk0A/z5+nXQG5giUO5rprX9jgYsTdov9qCchZiPIZezbZH+jRut8nPodFAX4Jg=="],

    "scheduler": ["scheduler@0.27.0", "", {}, "sha512-eNv+WrVbKu1f3vbYJT/xtiF5syA5HPIMtf9IgY/nKg0sWqzAUEvqY/xm7OcZc/qafLx/iO9FgOmeSAp4v5ti/Q=="],

    "shebang-command": ["shebang-command@2.0.0", "", { "dependencies": { "shebang-regex": "^3.0.0" } }, "sha512-kHxr2zZpYtdmrN1qDjrrX/Z1rR1kG8Dx+gkpK1G4eXmvXswmcE1hTWBWYUzlraYw1/yZp6YuDY77YtvbN0dmDA=="],

    "shebang-regex": ["shebang-regex@3.0.0", "", {}, "sha512-7++dFhtcx3353uBaq8DDR4NuxBetBzC7ZQOhmTQInHEd6bSrXdiEyzCvG07Z44UYdLShWUyXt5M/yhz8ekcb1A=="],

    "shell-quote": ["shell-quote@1.8.3", "", {}, "sha512-ObmnIF4hXNg1BqhnHmgbDETF8dLPCggZWBjkQfhZpbszZnYur5DUljTcCHii5LC3J5E0yeO/1LIMyH+UvHQgyw=="],

    "simple-xml-to-json": ["simple-xml-to-json@1.2.3", "", {}, "sha512-kWJDCr9EWtZ+/EYYM5MareWj2cRnZGF93YDNpH4jQiHB+hBIZnfPFSQiVMzZOdk+zXWqTZ/9fTeQNu2DqeiudA=="],

    "smart-buffer": ["smart-buffer@4.2.0", "", {}, "sha512-94hK0Hh8rPqQl2xXc3HsaBoOXKV20MToPkcXvwbISWLEs+64sBq5kFgn2kJDHb1Pry9yrP0dxrCI9RRci7RXKg=="],

    "socks": ["socks@2.8.7", "", { "dependencies": { "ip-address": "^10.0.1", "smart-buffer": "^4.2.0" } }, "sha512-HLpt+uLy/pxB+bum/9DzAgiKS8CX1EvbWxI4zlmgGCExImLdiad2iCwXT5Z4c9c3Eq8rP2318mPW2c+QbtjK8A=="],

    "socks-proxy-agent": ["socks-proxy-agent@8.0.5", "", { "dependencies": { "agent-base": "^7.1.2", "debug": "^4.3.4", "socks": "^2.8.3" } }, "sha512-HehCEsotFqbPW9sJ8WVYB6UbmIMv7kUUORIF2Nncq4VQvBfNBLibW9YZR5dlYCSUhwcD628pRllm7n+E+YTzJw=="],

    "source-map": ["source-map@0.6.1", "", {}, "sha512-UjgapumWlbMhkBgzT7Ykc5YXUT46F0iKu8SGXq0bcwP5dz/h0Plj6enJqjz1Zbq2l5WaqYnrVbwWOWMyF3F47g=="],

    "string-width": ["string-width@7.2.0", "", { "dependencies": { "emoji-regex": "^10.3.0", "get-east-asian-width": "^1.0.0", "strip-ansi": "^7.1.0" } }, "sha512-tsaTIkKW9b4N+AEj+SVA+WhJzV7/zMhcSu78mLKWSk7cXMOSHsBKFWUs0fWwq8QyK3MgJBQRX6Gbi4kYbdvGkQ=="],

    "strip-ansi": ["strip-ansi@7.1.2", "", { "dependencies": { "ansi-regex": "^6.0.1" } }, "sha512-gmBGslpoQJtgnMAvOVqGZpEz9dyoKTCzy2nfz/n8aIFhN/jCE/rCmcxabB6jOOHV+0WNnylOxaxBQPSvcWklhA=="],

    "strtok3": ["strtok3@10.3.5", "", { "dependencies": { "@tokenizer/token": "^0.3.0" } }, "sha512-ki4hZQfh5rX0QDLLkOCj+h+CVNkqmp/CMf8v8kZpkNVK6jGQooMytqzLZYUVYIZcFZ6yDB70EfD8POcFXiF5oA=="],

    "three": ["three@0.165.0", "", {}, "sha512-cc96IlVYGydeceu0e5xq70H8/yoVT/tXBxV/W8A/U6uOq7DXc4/s1Mkmnu6SqoYGhSRWWYFOhVwvq6V0VtbplA=="],

    "tinycolor2": ["tinycolor2@1.6.0", "", {}, "sha512-XPaBkWQJdsf3pLKJV9p4qN/S+fm2Oj8AIPo1BTUhg5oxkvm9+SVEGFdhyOz7tTdUTfvxMiAs4sp6/eZO2Ew+pw=="],

    "token-types": ["token-types@6.1.2", "", { "dependencies": { "@borewit/text-codec": "^0.2.1", "@tokenizer/token": "^0.3.0", "ieee754": "^1.2.1" } }, "sha512-dRXchy+C0IgK8WPC6xvCHFRIWYUbqqdEIKPaKo/AcTUNzwLTK6AH7RjdLWsEZcAN/TBdtfUw3PYEgPr5VPr6ww=="],

    "tslib": ["tslib@2.8.1", "", {}, "sha512-oJFu94HQb+KVduSUQL7wnpmqnfmLsOA/nAh6b6EH0wCEoK0/mPeXU6c3wKDV83MkOuHPRHtSXKKU99IBazS/2w=="],

    "typescript": ["typescript@5.9.2", "", { "bin": { "tsc": "bin/tsc", "tsserver": "bin/tsserver" } }, "sha512-CWBzXQrc/qOkhidw1OzBTQuYRbfyxDXJMVJ1XNwUHGROVmuaeiEm3OslpZ1RV96d7SKKjZKrSJu3+t/xlw3R9A=="],

    "uint8array-extras": ["uint8array-extras@1.5.0", "", {}, "sha512-rvKSBiC5zqCCiDZ9kAOszZcDvdAHwwIKJG33Ykj43OKcWsnmcBRL09YTU4nOeHZ8Y2a7l1MgTd08SBe9A8Qj6A=="],

    "undici-types": ["undici-types@7.10.0", "", {}, "sha512-t5Fy/nfn+14LuOc2KNYg75vZqClpAiqscVvMygNnlsHBFpSXdJaYtXMcdNLpl/Qvc3P2cB3s6lOV51nqsFq4ag=="],

    "utif2": ["utif2@4.1.0", "", { "dependencies": { "pako": "^1.0.11" } }, "sha512-+oknB9FHrJ7oW7A2WZYajOcv4FcDR4CfoGB0dPNfxbi4GO05RRnFmt5oa23+9w32EanrYcSJWspUiJkLMs+37w=="],

    "web-tree-sitter": ["web-tree-sitter@0.25.10", "", { "peerDependencies": { "@types/emscripten": "^1.40.0" }, "optionalPeers": ["@types/emscripten"] }, "sha512-Y09sF44/13XvgVKgO2cNDw5rGk6s26MgoZPXLESvMXeefBf7i6/73eFurre0IsTW6E14Y0ArIzhUMmjoc7xyzA=="],

    "which": ["which@2.0.2", "", { "dependencies": { "isexe": "^2.0.0" }, "bin": { "node-which": "./bin/node-which" } }, "sha512-BLI3Tl1TW3Pvl70l3yq3Y64i+awpwXqsGBYWkkqMtnbXgrMD+yj7rhW0kuEDxzJaYXGjEW5ogapKNMEKNMjibA=="],

    "ws": ["ws@8.18.3", "", { "peerDependencies": { "bufferutil": "^4.0.1", "utf-8-validate": ">=5.0.2" }, "optionalPeers": ["bufferutil", "utf-8-validate"] }, "sha512-PEIGCY5tSlUt50cqyMXfCzX+oOPqN0vuGqWzbcJ2xvnkzkq46oOpz7dQaTDBdfICb4N14+GARUDw2XV2N4tvzg=="],

    "xml-parse-from-string": ["xml-parse-from-string@1.0.1", "", {}, "sha512-ErcKwJTF54uRzzNMXq2X5sMIy88zJvfN2DmdoQvy7PAFJ+tPRU6ydWuOKNMyfmOjdyBQTFREi60s0Y0SyI0G0g=="],

    "xml2js": ["xml2js@0.5.0", "", { "dependencies": { "sax": ">=0.6.0", "xmlbuilder": "~11.0.0" } }, "sha512-drPFnkQJik/O+uPKpqSgr22mpuFHqKdbS835iAQrUC73L2F5WkboIRd63ai/2Yg6I1jzifPFKH2NTK+cfglkIA=="],

    "xmlbuilder": ["xmlbuilder@11.0.1", "", {}, "sha512-fDlsI/kFEx7gLvbecc0/ohLG50fugQp8ryHzMTuW9vSa1GJ0XYWKnhsUx7oie3G98+r56aTQIUB4kht42R3JvA=="],

    "yoga-layout": ["yoga-layout@3.2.1", "", {}, "sha512-0LPOt3AxKqMdFBZA3HBAt/t/8vIKq7VaQYbuA8WxCgung+p9TVyKRYdpvCb80HcdTN2NkbIKbhNwKUfm3tQywQ=="],

    "youtubei.js": ["youtubei.js@17.0.1", "", { "dependencies": { "@bufbuild/protobuf": "^2.0.0", "meriyah": "^6.1.4" } }, "sha512-1lO4b8UqMDzE0oh2qEGzbBOd4UYRdxn/4PdpRM7BGTHxM6ddsEsKZTu90jp8V9FHVgC2h1UirQyqoqLiKwl+Zg=="],

    "zod": ["zod@3.25.76", "", {}, "sha512-gzUt/qt81nXsFGKIFcC3YnfEAx5NkunCfnDlvuBSSFS02bcXu4Lmea0AFIUwbLWxWPx3d9p8S5QoaujKcNQxcQ=="],

    "@jimp/js-png/pngjs": ["pngjs@7.0.0", "", {}, "sha512-LKWqWJRhstyYo9pGvgor/ivk2w94eSjE3RGVuzLGlr3NmD8bf7RcYGze1mNdEHRP6TRP6rMuDHk5t44hnTRyow=="],

    "bun-types/@types/node": ["@types/node@24.3.0", "", { "dependencies": { "undici-types": "~7.10.0" } }, "sha512-aPTXCrfwnDLj4VvXrm+UUCQjNEvJgNA8s5F1cvwQU+3KNltTOkBm1j30uNLyqqPNe7gE3KFzImYoZEfLhp4Yow=="],

    "electrobun/@types/bun": ["@types/bun@1.3.12", "", { "dependencies": { "bun-types": "1.3.12" } }, "sha512-DBv81elK+/VSwXHDlnH3Qduw+KxkTIWi7TXkAeh24zpi5l0B2kUg9Ga3tb4nJaPcOFswflgi/yAvMVBPrxMB+A=="],

    "image-q/@types/node": ["@types/node@16.9.1", "", {}, "sha512-QpLcX9ZSsq3YYUUnD3nFDY8H7wctAhQj/TFKL8Ya8v5fMm3CFXxo8zStsLAl780ltoYoo1WvKUVGBQK+1ifr7g=="],

    "react-devtools-core/ws": ["ws@7.5.10", "", { "peerDependencies": { "bufferutil": "^4.0.1", "utf-8-validate": "^5.0.2" }, "optionalPeers": ["bufferutil", "utf-8-validate"] }, "sha512-+dbF1tHwZpXcbOJdVOkzLDxZP1ailvSxM6ZweXTegylPny803bFhA+vqBYw4s31NSAk4S2Qz+AKXK9a4wkdjcQ=="],

    "electrobun/@types/bun/bun-types": ["bun-types@1.3.12", "", { "dependencies": { "@types/node": "*" } }, "sha512-HqOLj5PoFajAQciOMRiIZGNoKxDJSr6qigAttOX40vJuSp6DN/CxWp9s3C1Xwm4oH7ybueITwiaOcWXoYVoRkA=="],

    "electrobun/@types/bun/bun-types/@types/node": ["@types/node@24.3.0", "", { "dependencies": { "undici-types": "~7.10.0" } }, "sha512-aPTXCrfwnDLj4VvXrm+UUCQjNEvJgNA8s5F1cvwQU+3KNltTOkBm1j30uNLyqqPNe7gE3KFzImYoZEfLhp4Yow=="],
  }
}
